
Microsoft Visual Studio Solution File, Format Version 12.00
# Visual Studio Version 16
VisualStudioVersion = 16.0.29424.173
MinimumVisualStudioVersion = 10.0.40219.1
Project("{FAE04EC0-301F-11D3-BF4B-00C04F79EFBC}") = "Rostelecom", "Proga\Rostelecom.csproj", "{25C65A47-5627-425C-9F08-73627AC0361E}"
EndProject
Project("{54435603-DBB4-11D2-8724-00A0C9A8B90C}") = "Install", "Install\Install.vdproj", "{08CC8467-1EF6-44C5-A315-55469BCAD045}"
EndProject
Global
	GlobalSection(SolutionConfigurationPlatforms) = preSolution
		Debug|Any CPU = Debug|Any CPU
		Release|Any CPU = Release|Any CPU
	EndGlobalSection
	GlobalSection(ProjectConfigurationPlatforms) = postSolution
		{25C65A47-5627-425C-9F08-73627AC0361E}.Debug|Any CPU.ActiveCfg = Debug|Any CPU
		{25C65A47-5627-425C-9F08-73627AC0361E}.Debug|Any CPU.Build.0 = Debug|Any CPU
		{25C65A47-5627-425C-9F08-73627AC0361E}.Release|Any CPU.ActiveCfg = Release|Any CPU
		{25C65A47-5627-425C-9F08-73627AC0361E}.Release|Any CPU.Build.0 = Release|Any CPU
		{08CC8467-1EF6-44C5-A315-55469BCAD045}.Debug|Any CPU.ActiveCfg = Debug
		{08CC8467-1EF6-44C5-A315-55469BCAD045}.Release|Any CPU.ActiveCfg = Release
	EndGlobalSection
	GlobalSection(SolutionProperties) = preSolution
		HideSolutionNode = FALSE
	EndGlobalSection
	GlobalSection(ExtensibilityGlobals) = postSolution
		SolutionGuid = {BF136C14-1CBA-4C0C-ABDF-70DF092B8FBC}
	EndGlobalSection
EndGlobal
